
Microsoft Visual Studio Solution File, Format Version 12.00
# Visual Studio Version 17
VisualStudioVersion = 17.0.31903.59
MinimumVisualStudioVersion = 10.0.40219.1
Project("{2150E333-8FDC-42A3-9474-1A3956D46DE8}") = "src", "src", "{68A12741-D405-4C82-8846-950EF9D5F961}"
EndProject
Project("{FAE04EC0-301F-11D3-BF4B-00C04F79EFBC}") = "SoliGavant.Api", "src\SoliGavant.Api\SoliGavant.Api.csproj", "{96C25374-4ABA-4169-B810-B7B46BC1DD4B}"
EndProject
Project("{FAE04EC0-301F-11D3-BF4B-00C04F79EFBC}") = "SoliGavant.Tests", "src\SoliGavant.Tests\SoliGavant.Tests.csproj", "{491388AA-E2B8-4797-B43B-F001B28542F6}"
EndProject
Global
	GlobalSection(SolutionConfigurationPlatforms) = preSolution
		Debug|Any CPU = Debug|Any CPU
		Release|Any CPU = Release|Any CPU
	EndGlobalSection
	GlobalSection(SolutionProperties) = preSolution
		HideSolutionNode = FALSE
	EndGlobalSection
	GlobalSection(ProjectConfigurationPlatforms) = postSolution
		{96C25374-4ABA-4169-B810-B7B46BC1DD4B}.Debug|Any CPU.ActiveCfg = Debug|Any CPU
		{96C25374-4ABA-4169-B810-B7B46BC1DD4B}.Debug|Any CPU.Build.0 = Debug|Any CPU
		{96C25374-4ABA-4169-B810-B7B46BC1DD4B}.Release|Any CPU.ActiveCfg = Release|Any CPU
		{96C25374-4ABA-4169-B810-B7B46BC1DD4B}.Release|Any CPU.Build.0 = Release|Any CPU
		{491388AA-E2B8-4797-B43B-F001B28542F6}.Debug|Any CPU.ActiveCfg = Debug|Any CPU
		{491388AA-E2B8-4797-B43B-F001B28542F6}.Debug|Any CPU.Build.0 = Debug|Any CPU
		{491388AA-E2B8-4797-B43B-F001B28542F6}.Release|Any CPU.ActiveCfg = Release|Any CPU
		{491388AA-E2B8-4797-B43B-F001B28542F6}.Release|Any CPU.Build.0 = Release|Any CPU
	EndGlobalSection
	GlobalSection(NestedProjects) = preSolution
		{96C25374-4ABA-4169-B810-B7B46BC1DD4B} = {68A12741-D405-4C82-8846-950EF9D5F961}
		{491388AA-E2B8-4797-B43B-F001B28542F6} = {68A12741-D405-4C82-8846-950EF9D5F961}
	EndGlobalSection
EndGlobal
